github.com/lib/pq v1.10.9 h1:YXG7RB+JIjhP29X+OtkiDnYaXQwpS4JEWq7dtCCRUEw=
github.com/lib/pq v1.10.9/go.mod h1:AlVN5x4E4T544tWzH6hKfbfQvm3HdbOxrmggDNAPY9o=
github.com/zhashkevych/scheduler v1.0.0 h1:gEbSIPykQ6OHGo/F4jJoC2iQtzzwOAQ6U6T6nQoo3v8=
github.com/zhashkevych/scheduler v1.0.0/go.mod h1:x9baACtHSUu78Jvzv7QytjJ9beTJUh6tCRAtYnKYh3c=
